// !$*UTF8*$!
{
	archiveVersion = 1;
	classes = {
	};
	objectVersion = 77;
	objects = {

/* Begin PBXBuildFile section */
		FC1F13B72D02F7DD001247D2 /* ConfettiSwiftUI in Frameworks */ = {isa = PBXBuildFile; productRef = FC1F13B62D02F7DD001247D2 /* ConfettiSwiftUI */; };
		FCCD942E2D138D6B002C0F8B /* User.swift in Sources */ = {isa = PBXBuildFile; fileRef = FCCD942D2D138D6B002C0F8B /* User.swift */; };
/* End PBXBuildFile section */

/* Begin PBXContainerItemProxy section */
		FC90ED952CC9178A009B7256 /* PBXContainerItemProxy */ = {
			isa = PBXContainerItemProxy;
			containerPortal = FC90ED7C2CC91788009B7256 /* Project object */;
			proxyType = 1;
			remoteGlobalIDString = FC90ED832CC91788009B7256;
			remoteInfo = SoftwareLab;
		};
		FC90ED9F2CC9178A009B7256 /* PBXContainerItemProxy */ = {
			isa = PBXContainerItemProxy;
			containerPortal = FC90ED7C2CC91788009B7256 /* Project object */;
			proxyType = 1;
			remoteGlobalIDString = FC90ED832CC91788009B7256;
			remoteInfo = SoftwareLab;
		};
/* End PBXContainerItemProxy section */

/* Begin PBXFileReference section */
		FC90ED842CC91788009B7256 /* SoftwareLab.app */ = {isa = PBXFileReference; explicitFileType = wrapper.application; includeInIndex = 0; path = SoftwareLab.app; sourceTree = BUILT_PRODUCTS_DIR; };
		FC90ED942CC9178A009B7256 /* SoftwareLabTests.xctest */ = {isa = PBXFileReference; explicitFileType = wrapper.cfbundle; includeInIndex = 0; path = SoftwareLabTests.xctest; sourceTree = BUILT_PRODUCTS_DIR; };
		FC90ED9E2CC9178A009B7256 /* SoftwareLabUITests.xctest */ = {isa = PBXFileReference; explicitFileType = wrapper.cfbundle; includeInIndex = 0; path = SoftwareLabUITests.xctest; sourceTree = BUILT_PRODUCTS_DIR; };
		FCCD942D2D138D6B002C0F8B /* User.swift */ = {isa = PBXFileReference; lastKnownFileType = sourcecode.swift; path = User.swift; sourceTree = "<group>"; };
/* End PBXFileReference section */

/* Begin PBXFileSystemSynchronizedRootGroup section */
		FC90ED862CC91788009B7256 /* SoftwareLab */ = {
			isa = PBXFileSystemSynchronizedRootGroup;
			path = SoftwareLab;
			sourceTree = "<group>";
		};
		FC90ED972CC9178A009B7256 /* SoftwareLabTests */ = {
			isa = PBXFileSystemSynchronizedRootGroup;
			path = SoftwareLabTests;
			sourceTree = "<group>";
		};
		FC90EDA12CC9178A009B7256 /* SoftwareLabUITests */ = {
			isa = PBXFileSystemSynchronizedRootGroup;
			path = SoftwareLabUITests;
			sourceTree = "<group>";
		};
/* End PBXFileSystemSynchronizedRootGroup section */

/* Begin PBXFrameworksBuildPhase section */
		FC90ED812CC91788009B7256 /* Frameworks */ = {
			isa = PBXFrameworksBuildPhase;
			buildActionMask = 2147483647;
			files = (
				FC1F13B72D02F7DD001247D2 /* ConfettiSwiftUI in Frameworks */,
			);
			runOnlyForDeploymentPostprocessing = 0;
		};
		FC90ED912CC9178A009B7256 /* Frameworks */ = {
			isa = PBXFrameworksBuildPhase;
			buildActionMask = 2147483647;
			files = (
			);
			runOnlyForDeploymentPostprocessing = 0;
		};
		FC90ED9B2CC9178A009B7256 /* Frameworks */ = {
			isa = PBXFrameworksBuildPhase;
			buildActionMask = 2147483647;
			files = (
			);
			runOnlyForDeploymentPostprocessing = 0;
		};
/* End PBXFrameworksBuildPhase section */

/* Begin PBXGroup section */
		FC90ED7B2CC91788009B7256 = {
			isa = PBXGroup;
			children = (
				FCCD942D2D138D6B002C0F8B /* User.swift */,
				FC90ED862CC91788009B7256 /* SoftwareLab */,
				FC90ED972CC9178A009B7256 /* SoftwareLabTests */,
				FC90EDA12CC9178A009B7256 /* SoftwareLabUITests */,
				FC90ED852CC91788009B7256 /* Products */,
			);
			sourceTree = "<group>";
		};
		FC90ED852CC91788009B7256 /* Products */ = {
			isa = PBXGroup;
			children = (
				FC90ED842CC91788009B7256 /* SoftwareLab.app */,
				FC90ED942CC9178A009B7256 /* SoftwareLabTests.xctest */,
				FC90ED9E2CC9178A009B7256 /* SoftwareLabUITests.xctest */,
			);
			name = Products;
			sourceTree = "<group>";
		};
/* End PBXGroup section */

/* Begin PBXNativeTarget section */
		FC90ED832CC91788009B7256 /* SoftwareLab */ = {
			isa = PBXNativeTarget;
			buildConfigurationList = FC90EDA82CC9178A009B7256 /* Build configuration list for PBXNativeTarget "SoftwareLab" */;
			buildPhases = (
				FC90ED802CC91788009B7256 /* Sources */,
				FC90ED812CC91788009B7256 /* Frameworks */,
				FC90ED822CC91788009B7256 /* Resources */,
			);
			buildRules = (
			);
			dependencies = (
			);
			fileSystemSynchronizedGroups = (
				FC90ED862CC91788009B7256 /* SoftwareLab */,
			);
			name = SoftwareLab;
			packageProductDependencies = (
				FC1F13B62D02F7DD001247D2 /* ConfettiSwiftUI */,
			);
			productName = SoftwareLab;
			productReference = FC90ED842CC91788009B7256 /* SoftwareLab.app */;
			productType = "com.apple.product-type.application";
		};
		FC90ED932CC9178A009B7256 /* SoftwareLabTests */ = {
			isa = PBXNativeTarget;
			buildConfigurationList = FC90EDAB2CC9178A009B7256 /* Build configuration list for PBXNativeTarget "SoftwareLabTests" */;
			buildPhases = (
				FC90ED902CC9178A009B7256 /* Sources */,
				FC90ED912CC9178A009B7256 /* Frameworks */,
				FC90ED922CC9178A009B7256 /* Resources */,
			);
			buildRules = (
			);
			dependencies = (
				FC90ED962CC9178A009B7256 /* PBXTargetDependency */,
			);
			fileSystemSynchronizedGroups = (
				FC90ED972CC9178A009B7256 /* SoftwareLabTests */,
			);
			name = SoftwareLabTests;
			packageProductDependencies = (
			);
			productName = SoftwareLabTests;
			productReference = FC90ED942CC9178A009B7256 /* SoftwareLabTests.xctest */;
			productType = "com.apple.product-type.bundle.unit-test";
		};
		FC90ED9D2CC9178A009B7256 /* SoftwareLabUITests */ = {
			isa = PBXNativeTarget;
			buildConfigurationList = FC90EDAE2CC9178A009B7256 /* Build configuration list for PBXNativeTarget "SoftwareLabUITests" */;
			buildPhases = (
				FC90ED9A2CC9178A009B7256 /* Sources */,
				FC90ED9B2CC9178A009B7256 /* Frameworks */,
				FC90ED9C2CC9178A009B7256 /* Resources */,
			);
			buildRules = (
			);
			dependencies = (
				FC90EDA02CC9178A009B7256 /* PBXTargetDependency */,
			);
			fileSystemSynchronizedGroups = (
				FC90EDA12CC9178A009B7256 /* SoftwareLabUITests */,
			);
			name = SoftwareLabUITests;
			packageProductDependencies = (
			);
			productName = SoftwareLabUITests;
			productReference = FC90ED9E2CC9178A009B7256 /* SoftwareLabUITests.xctest */;
			productType = "com.apple.product-type.bundle.ui-testing";
		};
/* End PBXNativeTarget section */

/* Begin PBXProject section */
		FC90ED7C2CC91788009B7256 /* Project object */ = {
			isa = PBXProject;
			attributes = {
				BuildIndependentTargetsInParallel = 1;
				LastSwiftUpdateCheck = 1600;
				LastUpgradeCheck = 1600;
				TargetAttributes = {
					FC90ED832CC91788009B7256 = {
						CreatedOnToolsVersion = 16.0;
					};
					FC90ED932CC9178A009B7256 = {
						CreatedOnToolsVersion = 16.0;
						TestTargetID = FC90ED832CC91788009B7256;
					};
					FC90ED9D2CC9178A009B7256 = {
						CreatedOnToolsVersion = 16.0;
						TestTargetID = FC90ED832CC91788009B7256;
					};
				};
			};
			buildConfigurationList = FC90ED7F2CC91788009B7256 /* Build configuration list for PBXProject "SoftwareLab" */;
			developmentRegion = en;
			hasScannedForEncodings = 0;
			knownRegions = (
				en,
				Base,
			);
			mainGroup = FC90ED7B2CC91788009B7256;
			minimizedProjectReferenceProxies = 1;
			packageReferences = (
				FC1F13B42D02F52A001247D2 /* XCRemoteSwiftPackageReference "ConfettiSwiftUI" */,
			);
			preferredProjectObjectVersion = 77;
			productRefGroup = FC90ED852CC91788009B7256 /* Products */;
			projectDirPath = "";
			projectRoot = "";
			targets = (
				FC90ED832CC91788009B7256 /* SoftwareLab */,
				FC90ED932CC9178A009B7256 /* SoftwareLabTests */,
				FC90ED9D2CC9178A009B7256 /* SoftwareLabUITests */,
			);
		};
/* End PBXProject section */

/* Begin PBXResourcesBuildPhase section */
		FC90ED822CC91788009B7256 /* Resources */ = {
			isa = PBXResourcesBuildPhase;
			buildActionMask = 2147483647;
			files = (
			);
			runOnlyForDeploymentPostprocessing = 0;
		};
		FC90ED922CC9178A009B7256 /* Resources */ = {
			isa = PBXResourcesBuildPhase;
			buildActionMask = 2147483647;
			files = (
			);
			runOnlyForDeploymentPostprocessing = 0;
		};
		FC90ED9C2CC9178A009B7256 /* Resources */ = {
			isa = PBXResourcesBuildPhase;
			buildActionMask = 2147483647;
			files = (
			);
			runOnlyForDeploymentPostprocessing = 0;
		};
/* End PBXResourcesBuildPhase section */

/* Begin PBXSourcesBuildPhase section */
		FC90ED802CC91788009B7256 /* Sources */ = {
			isa = PBXSourcesBuildPhase;
			buildActionMask = 2147483647;
			files = (
				FCCD942E2D138D6B002C0F8B /* User.swift in Sources */,
			);
			runOnlyForDeploymentPostprocessing = 0;
		};
		FC90ED902CC9178A009B7256 /* Sources */ = {
			isa = PBXSourcesBuildPhase;
			buildActionMask = 2147483647;
			files = (
			);
			runOnlyForDeploymentPostprocessing = 0;
		};
		FC90ED9A2CC9178A009B7256 /* Sources */ = {
			isa = PBXSourcesBuildPhase;
			buildActionMask = 2147483647;
			files = (
			);
			runOnlyForDeploymentPostprocessing = 0;
		};
/* End PBXSourcesBuildPhase section */

/* Begin PBXTargetDependency section */
		FC90ED962CC9178A009B7256 /* PBXTargetDependency */ = {
			isa = PBXTargetDependency;
			target = FC90ED832CC91788009B7256 /* SoftwareLab */;
			targetProxy = FC90ED952CC9178A009B7256 /* PBXContainerItemProxy */;
		};
		FC90EDA02CC9178A009B7256 /* PBXTargetDependency */ = {
			isa = PBXTargetDependency;
			target = FC90ED832CC91788009B7256 /* SoftwareLab */;
			targetProxy = FC90ED9F2CC9178A009B7256 /* PBXContainerItemProxy */;
		};
/* End PBXTargetDependency section */

/* Begin XCBuildConfiguration section */
		FC90EDA62CC9178A009B7256 /* Debug */ = {
			isa = XCBuildConfiguration;
			buildSettings = {
				ALWAYS_SEARCH_USER_PATHS = NO;
				ASSETCATALOG_COMPILER_GENERATE_SWIFT_ASSET_SYMBOL_EXTENSIONS = YES;
				CLANG_ANALYZER_NONNULL = YES;
				CLANG_ANALYZER_NUMBER_OBJECT_CONVERSION = YES_AGGRESSIVE;
				CLANG_CXX_LANGUAGE_STANDARD = "gnu++20";
				CLANG_ENABLE_MODULES = YES;
				CLANG_ENABLE_OBJC_ARC = YES;
				CLANG_ENABLE_OBJC_WEAK = YES;
				CLANG_WARN_BLOCK_CAPTURE_AUTORELEASING = YES;
				CLANG_WARN_BOOL_CONVERSION = YES;
				CLANG_WARN_COMMA = YES;
				CLANG_WARN_CONSTANT_CONVERSION = YES;
				CLANG_WARN_DEPRECATED_OBJC_IMPLEMENTATIONS = YES;
				CLANG_WARN_DIRECT_OBJC_ISA_USAGE = YES_ERROR;
				CLANG_WARN_DOCUMENTATION_COMMENTS = YES;
				CLANG_WARN_EMPTY_BODY = YES;
				CLANG_WARN_ENUM_CONVERSION = YES;
				CLANG_WARN_INFINITE_RECURSION = YES;
				CLANG_WARN_INT_CONVERSION = YES;
				CLANG_WARN_NON_LITERAL_NULL_CONVERSION = YES;
				CLANG_WARN_OBJC_IMPLICIT_RETAIN_SELF = YES;
				CLANG_WARN_OBJC_LITERAL_CONVERSION = YES;
				CLANG_WARN_OBJC_ROOT_CLASS = YES_ERROR;
				CLANG_WARN_QUOTED_INCLUDE_IN_FRAMEWORK_HEADER = YES;
				CLANG_WARN_RANGE_LOOP_ANALYSIS = YES;
				CLANG_WARN_STRICT_PROTOTYPES = YES;
				CLANG_WARN_SUSPICIOUS_MOVE = YES;
				CLANG_WARN_UNGUARDED_AVAILABILITY = YES_AGGRESSIVE;
				CLANG_WARN_UNREACHABLE_CODE = YES;
				CLANG_WARN__DUPLICATE_METHOD_MATCH = YES;
				COPY_PHASE_STRIP = NO;
				DEBUG_INFORMATION_FORMAT = dwarf;
				ENABLE_STRICT_OBJC_MSGSEND = YES;
				ENABLE_TESTABILITY = YES;
				ENABLE_USER_SCRIPT_SANDBOXING = YES;
				GCC_C_LANGUAGE_STANDARD = gnu17;
				GCC_DYNAMIC_NO_PIC = NO;
				GCC_NO_COMMON_BLOCKS = YES;
				GCC_OPTIMIZATION_LEVEL = 0;
				GCC_PREPROCESSOR_DEFINITIONS = (
					"DEBUG=1",
					"$(inherited)",
				);
				GCC_WARN_64_TO_32_BIT_CONVERSION = YES;
				GCC_WARN_ABOUT_RETURN_TYPE = YES_ERROR;
				GCC_WARN_UNDECLARED_SELECTOR = YES;
				GCC_WARN_UNINITIALIZED_AUTOS = YES_AGGRESSIVE;
				GCC_WARN_UNUSED_FUNCTION = YES;
				GCC_WARN_UNUSED_VARIABLE = YES;
				IPHONEOS_DEPLOYMENT_TARGET = 18.0;
				LOCALIZATION_PREFERS_STRING_CATALOGS = YES;
				MTL_ENABLE_DEBUG_INFO = INCLUDE_SOURCE;
				MTL_FAST_MATH = YES;
				ONLY_ACTIVE_ARCH = YES;
				SDKROOT = iphoneos;
				SWIFT_ACTIVE_COMPILATION_CONDITIONS = "DEBUG $(inherited)";
				SWIFT_OPTIMIZATION_LEVEL = "-Onone";
			};
			name = Debug;
		};
		FC90EDA72CC9178A009B7256 /* Release */ = {
			isa = XCBuildConfiguration;
			buildSettings = {
				ALWAYS_SEARCH_USER_PATHS = NO;
				ASSETCATALOG_COMPILER_GENERATE_SWIFT_ASSET_SYMBOL_EXTENSIONS = YES;
				CLANG_ANALYZER_NONNULL = YES;
				CLANG_ANALYZER_NUMBER_OBJECT_CONVERSION = YES_AGGRESSIVE;
				CLANG_CXX_LANGUAGE_STANDARD = "gnu++20";
				CLANG_ENABLE_MODULES = YES;
				CLANG_ENABLE_OBJC_ARC = YES;
				CLANG_ENABLE_OBJC_WEAK = YES;
				CLANG_WARN_BLOCK_CAPTURE_AUTORELEASING = YES;
				CLANG_WARN_BOOL_CONVERSION = YES;
				CLANG_WARN_COMMA = YES;
				CLANG_WARN_CONSTANT_CONVERSION = YES;
				CLANG_WARN_DEPRECATED_OBJC_IMPLEMENTATIONS = YES;
				CLANG_WARN_DIRECT_OBJC_ISA_USAGE = YES_ERROR;
				CLANG_WARN_DOCUMENTATION_COMMENTS = YES;
				CLANG_WARN_EMPTY_BODY = YES;
				CLANG_WARN_ENUM_CONVERSION = YES;
				CLANG_WARN_INFINITE_RECURSION = YES;
				CLANG_WARN_INT_CONVERSION = YES;
				CLANG_WARN_NON_LITERAL_NULL_CONVERSION = YES;
				CLANG_WARN_OBJC_IMPLICIT_RETAIN_SELF = YES;
				CLANG_WARN_OBJC_LITERAL_CONVERSION = YES;
				CLANG_WARN_OBJC_ROOT_CLASS = YES_ERROR;
				CLANG_WARN_QUOTED_INCLUDE_IN_FRAMEWORK_HEADER = YES;
				CLANG_WARN_RANGE_LOOP_ANALYSIS = YES;
				CLANG_WARN_STRICT_PROTOTYPES = YES;
				CLANG_WARN_SUSPICIOUS_MOVE = YES;
				CLANG_WARN_UNGUARDED_AVAILABILITY = YES_AGGRESSIVE;
				CLANG_WARN_UNREACHABLE_CODE = YES;
				CLANG_WARN__DUPLICATE_METHOD_MATCH = YES;
				COPY_PHASE_STRIP = NO;
				DEBUG_INFORMATION_FORMAT = "dwarf-with-dsym";
				ENABLE_NS_ASSERTIONS = NO;
				ENABLE_STRICT_OBJC_MSGSEND = YES;
				ENABLE_USER_SCRIPT_SANDBOXING = YES;
				GCC_C_LANGUAGE_STANDARD = gnu17;
				GCC_NO_COMMON_BLOCKS = YES;
				GCC_WARN_64_TO_32_BIT_CONVERSION = YES;
				GCC_WARN_ABOUT_RETURN_TYPE = YES_ERROR;
				GCC_WARN_UNDECLARED_SELECTOR = YES;
				GCC_WARN_UNINITIALIZED_AUTOS = YES_AGGRESSIVE;
				GCC_WARN_UNUSED_FUNCTION = YES;
				GCC_WARN_UNUSED_VARIABLE = YES;
				IPHONEOS_DEPLOYMENT_TARGET = 18.0;
				LOCALIZATION_PREFERS_STRING_CATALOGS = YES;
				MTL_ENABLE_DEBUG_INFO = NO;
				MTL_FAST_MATH = YES;
				SDKROOT = iphoneos;
				SWIFT_COMPILATION_MODE = wholemodule;
				VALIDATE_PRODUCT = YES;
			};
			name = Release;
		};
		FC90EDA92CC9178A009B7256 /* Debug */ = {
			isa = XCBuildConfiguration;
			buildSettings = {
				ASSETCATALOG_COMPILER_APPICON_NAME = AppIcon;
				ASSETCATALOG_COMPILER_GLOBAL_ACCENT_COLOR_NAME = AccentColor;
				CODE_SIGN_STYLE = Automatic;
				CURRENT_PROJECT_VERSION = 1;
				DEVELOPMENT_ASSET_PATHS = "\"SoftwareLab/Preview Content\"";
				DEVELOPMENT_TEAM = TH6SBL32FA;
				ENABLE_PREVIEWS = YES;
				GENERATE_INFOPLIST_FILE = YES;
				INFOPLIST_KEY_UIApplicationSceneManifest_Generation = YES;
				INFOPLIST_KEY_UIApplicationSupportsIndirectInputEvents = YES;
				INFOPLIST_KEY_UILaunchScreen_Generation = YES;
				INFOPLIST_KEY_UISupportedInterfaceOrientations_iPad = "UIInterfaceOrientationPortrait UIInterfaceOrientationPortraitUpsideDown UIInterfaceOrientationLandscapeLeft UIInterfaceOrientationLandscapeRight";
				INFOPLIST_KEY_UISupportedInterfaceOrientations_iPhone = "UIInterfaceOrientationPortrait UIInterfaceOrientationLandscapeLeft UIInterfaceOrientationLandscapeRight";
				LD_RUNPATH_SEARCH_PATHS = (
					"$(inherited)",
					"@executable_path/Frameworks",
				);
				MARKETING_VERSION = 1.0;
				PRODUCT_BUNDLE_IDENTIFIER = com.furkan.SoftwareLab;
				PRODUCT_NAME = "$(TARGET_NAME)";
				SWIFT_EMIT_LOC_STRINGS = YES;
				SWIFT_VERSION = 5.0;
				TARGETED_DEVICE_FAMILY = "1,2";
			};
			name = Debug;
		};
		FC90EDAA2CC9178A009B7256 /* Release */ = {
			isa = XCBuildConfiguration;
			buildSettings = {
				ASSETCATALOG_COMPILER_APPICON_NAME = AppIcon;
				ASSETCATALOG_COMPILER_GLOBAL_ACCENT_COLOR_NAME = AccentColor;
				CODE_SIGN_STYLE = Automatic;
				CURRENT_PROJECT_VERSION = 1;
				DEVELOPMENT_ASSET_PATHS = "\"SoftwareLab/Preview Content\"";
				DEVELOPMENT_TEAM = TH6SBL32FA;
				ENABLE_PREVIEWS = YES;
				GENERATE_INFOPLIST_FILE = YES;
				INFOPLIST_KEY_UIApplicationSceneManifest_Generation = YES;
				INFOPLIST_KEY_UIApplicationSupportsIndirectInputEvents = YES;
				INFOPLIST_KEY_UILaunchScreen_Generation = YES;
				INFOPLIST_KEY_UISupportedInterfaceOrientations_iPad = "UIInterfaceOrientationPortrait UIInterfaceOrientationPortraitUpsideDown UIInterfaceOrientationLandscapeLeft UIInterfaceOrientationLandscapeRight";
				INFOPLIST_KEY_UISupportedInterfaceOrientations_iPhone = "UIInterfaceOrientationPortrait UIInterfaceOrientationLandscapeLeft UIInterfaceOrientationLandscapeRight";
				LD_RUNPATH_SEARCH_PATHS = (
					"$(inherited)",
					"@executable_path/Frameworks",
				);
				MARKETING_VERSION = 1.0;
				PRODUCT_BUNDLE_IDENTIFIER = com.furkan.SoftwareLab;
				PRODUCT_NAME = "$(TARGET_NAME)";
				SWIFT_EMIT_LOC_STRINGS = YES;
				SWIFT_VERSION = 5.0;
				TARGETED_DEVICE_FAMILY = "1,2";
			};
			name = Release;
		};
		FC90EDAC2CC9178A009B7256 /* Debug */ = {
			isa = XCBuildConfiguration;
			buildSettings = {
				BUNDLE_LOADER = "$(TEST_HOST)";
				CODE_SIGN_STYLE = Automatic;
				CURRENT_PROJECT_VERSION = 1;
				DEVELOPMENT_TEAM = TH6SBL32FA;
				GENERATE_INFOPLIST_FILE = YES;
				IPHONEOS_DEPLOYMENT_TARGET = 18.0;
				MARKETING_VERSION = 1.0;
				PRODUCT_BUNDLE_IDENTIFIER = com.furkan.SoftwareLabTests;
				PRODUCT_NAME = "$(TARGET_NAME)";
				SWIFT_EMIT_LOC_STRINGS = NO;
				SWIFT_VERSION = 5.0;
				TARGETED_DEVICE_FAMILY = "1,2";
				TEST_HOST = "$(BUILT_PRODUCTS_DIR)/SoftwareLab.app/$(BUNDLE_EXECUTABLE_FOLDER_PATH)/SoftwareLab";
			};
			name = Debug;
		};
		FC90EDAD2CC9178A009B7256 /* Release */ = {
			isa = XCBuildConfiguration;
			buildSettings = {
				BUNDLE_LOADER = "$(TEST_HOST)";
				CODE_SIGN_STYLE = Automatic;
				CURRENT_PROJECT_VERSION = 1;
				DEVELOPMENT_TEAM = TH6SBL32FA;
				GENERATE_INFOPLIST_FILE = YES;
				IPHONEOS_DEPLOYMENT_TARGET = 18.0;
				MARKETING_VERSION = 1.0;
				PRODUCT_BUNDLE_IDENTIFIER = com.furkan.SoftwareLabTests;
				PRODUCT_NAME = "$(TARGET_NAME)";
				SWIFT_EMIT_LOC_STRINGS = NO;
				SWIFT_VERSION = 5.0;
				TARGETED_DEVICE_FAMILY = "1,2";
				TEST_HOST = "$(BUILT_PRODUCTS_DIR)/SoftwareLab.app/$(BUNDLE_EXECUTABLE_FOLDER_PATH)/SoftwareLab";
			};
			name = Release;
		};
		FC90EDAF2CC9178A009B7256 /* Debug */ = {
			isa = XCBuildConfiguration;
			buildSettings = {
				CODE_SIGN_STYLE = Automatic;
				CURRENT_PROJECT_VERSION = 1;
				DEVELOPMENT_TEAM = TH6SBL32FA;
				GENERATE_INFOPLIST_FILE = YES;
				MARKETING_VERSION = 1.0;
				PRODUCT_BUNDLE_IDENTIFIER = com.furkan.SoftwareLabUITests;
				PRODUCT_NAME = "$(TARGET_NAME)";
				SWIFT_EMIT_LOC_STRINGS = NO;
				SWIFT_VERSION = 5.0;
				TARGETED_DEVICE_FAMILY = "1,2";
				TEST_TARGET_NAME = SoftwareLab;
			};
			name = Debug;
		};
		FC90EDB02CC9178A009B7256 /* Release */ = {
			isa = XCBuildConfiguration;
			buildSettings = {
				CODE_SIGN_STYLE = Automatic;
				CURRENT_PROJECT_VERSION = 1;
				DEVELOPMENT_TEAM = TH6SBL32FA;
				GENERATE_INFOPLIST_FILE = YES;
				MARKETING_VERSION = 1.0;
				PRODUCT_BUNDLE_IDENTIFIER = com.furkan.SoftwareLabUITests;
				PRODUCT_NAME = "$(TARGET_NAME)";
				SWIFT_EMIT_LOC_STRINGS = NO;
				SWIFT_VERSION = 5.0;
				TARGETED_DEVICE_FAMILY = "1,2";
				TEST_TARGET_NAME = SoftwareLab;
			};
			name = Release;
		};
/* End XCBuildConfiguration section */

/* Begin XCConfigurationList section */
		FC90ED7F2CC91788009B7256 /* Build configuration list for PBXProject "SoftwareLab" */ = {
			isa = XCConfigurationList;
			buildConfigurations = (
				FC90EDA62CC9178A009B7256 /* Debug */,
				FC90EDA72CC9178A009B7256 /* Release */,
			);
			defaultConfigurationIsVisible = 0;
			defaultConfigurationName = Release;
		};
		FC90EDA82CC9178A009B7256 /* Build configuration list for PBXNativeTarget "SoftwareLab" */ = {
			isa = XCConfigurationList;
			buildConfigurations = (
				FC90EDA92CC9178A009B7256 /* Debug */,
				FC90EDAA2CC9178A009B7256 /* Release */,
			);
			defaultConfigurationIsVisible = 0;
			defaultConfigurationName = Release;
		};
		FC90EDAB2CC9178A009B7256 /* Build configuration list for PBXNativeTarget "SoftwareLabTests" */ = {
			isa = XCConfigurationList;
			buildConfigurations = (
				FC90EDAC2CC9178A009B7256 /* Debug */,
				FC90EDAD2CC9178A009B7256 /* Release */,
			);
			defaultConfigurationIsVisible = 0;
			defaultConfigurationName = Release;
		};
		FC90EDAE2CC9178A009B7256 /* Build configuration list for PBXNativeTarget "SoftwareLabUITests" */ = {
			isa = XCConfigurationList;
			buildConfigurations = (
				FC90EDAF2CC9178A009B7256 /* Debug */,
				FC90EDB02CC9178A009B7256 /* Release */,
			);
			defaultConfigurationIsVisible = 0;
			defaultConfigurationName = Release;
		};
/* End XCConfigurationList section */

/* Begin XCRemoteSwiftPackageReference section */
		FC1F13B42D02F52A001247D2 /* XCRemoteSwiftPackageReference "ConfettiSwiftUI" */ = {
			isa = XCRemoteSwiftPackageReference;
			repositoryURL = "https://github.com/simibac/ConfettiSwiftUI";
			requirement = {
				kind = upToNextMajorVersion;
				minimumVersion = 1.1.0;
			};
		};
/* End XCRemoteSwiftPackageReference section */

/* Begin XCSwiftPackageProductDependency section */
		FC1F13B62D02F7DD001247D2 /* ConfettiSwiftUI */ = {
			isa = XCSwiftPackageProductDependency;
			package = FC1F13B42D02F52A001247D2 /* XCRemoteSwiftPackageReference "ConfettiSwiftUI" */;
			productName = ConfettiSwiftUI;
		};
/* End XCSwiftPackageProductDependency section */
	};
	rootObject = FC90ED7C2CC91788009B7256 /* Project object */;
}
